
Microsoft Visual Studio Solution File, Format Version 12.00
# Visual Studio 14
VisualStudioVersion = 14.0.24720.0
MinimumVisualStudioVersion = 10.0.40219.1
Project("{FAE04EC0-301F-11D3-BF4B-00C04F79EFBC}") = "SocrataOpenData", "SocrataOpenData\SocrataOpenData.csproj", "{74CD4A18-C744-41AF-9390-586693443A3E}"
EndProject
Project("{FAE04EC0-301F-11D3-BF4B-00C04F79EFBC}") = "SocrataWebApp", "SocrataWebApp\SocrataWebApp.csproj", "{EA4CAE68-2078-4FD4-A152-41C4E8675372}"
EndProject
Global
	GlobalSection(SolutionConfigurationPlatforms) = preSolution
		Debug|Any CPU = Debug|Any CPU
		Release|Any CPU = Release|Any CPU
	EndGlobalSection
	GlobalSection(ProjectConfigurationPlatforms) = postSolution
		{74CD4A18-C744-41AF-9390-586693443A3E}.Debug|Any CPU.ActiveCfg = Debug|Any CPU
		{74CD4A18-C744-41AF-9390-586693443A3E}.Debug|Any CPU.Build.0 = Debug|Any CPU
		{74CD4A18-C744-41AF-9390-586693443A3E}.Release|Any CPU.ActiveCfg = Release|Any CPU
		{74CD4A18-C744-41AF-9390-586693443A3E}.Release|Any CPU.Build.0 = Release|Any CPU
		{EA4CAE68-2078-4FD4-A152-41C4E8675372}.Debug|Any CPU.ActiveCfg = Debug|Any CPU
		{EA4CAE68-2078-4FD4-A152-41C4E8675372}.Debug|Any CPU.Build.0 = Debug|Any CPU
		{EA4CAE68-2078-4FD4-A152-41C4E8675372}.Release|Any CPU.ActiveCfg = Release|Any CPU
		{EA4CAE68-2078-4FD4-A152-41C4E8675372}.Release|Any CPU.Build.0 = Release|Any CPU
	EndGlobalSection
	GlobalSection(SolutionProperties) = preSolution
		HideSolutionNode = FALSE
	EndGlobalSection
EndGlobal
